
Microsoft Visual Studio Solution File, Format Version 12.00
# Visual Studio Version 17
VisualStudioVersion = 17.10.35122.118
MinimumVisualStudioVersion = 10.0.40219.1
Project("{9A19103F-16F7-4668-BE54-9A1E7A4F7556}") = "QLBanGiay", "QLBanGiay\QLBanGiay.csproj", "{F9B4D512-6782-418E-9E11-A0CBD715419C}"
EndProject
Project("{9A19103F-16F7-4668-BE54-9A1E7A4F7556}") = "QLBanGiay.Models", "QLBanGiay.Models\QLBanGiay.Models.csproj", "{7599913C-295D-473E-B9B3-230F43534A17}"
EndProject
Project("{9A19103F-16F7-4668-BE54-9A1E7A4F7556}") = "QLBanGiay_Application", "QLBanGIayApplication\QLBanGiay_Application.csproj", "{B50DF9E0-BFD2-49D0-B25E-70E42967301B}"
EndProject
Project("{FAE04EC0-301F-11D3-BF4B-00C04F79EFBC}") = "QLBanGIay_Control", "QLBanGIay_Control\QLBanGIay_Control.csproj", "{0F21EE34-C683-4034-9BC3-E479CC69EE64}"
EndProject
Global
	GlobalSection(SolutionConfigurationPlatforms) = preSolution
		Debug|Any CPU = Debug|Any CPU
		Release|Any CPU = Release|Any CPU
	EndGlobalSection
	GlobalSection(ProjectConfigurationPlatforms) = postSolution
		{F9B4D512-6782-418E-9E11-A0CBD715419C}.Debug|Any CPU.ActiveCfg = Debug|Any CPU
		{F9B4D512-6782-418E-9E11-A0CBD715419C}.Debug|Any CPU.Build.0 = Debug|Any CPU
		{F9B4D512-6782-418E-9E11-A0CBD715419C}.Release|Any CPU.ActiveCfg = Release|Any CPU
		{F9B4D512-6782-418E-9E11-A0CBD715419C}.Release|Any CPU.Build.0 = Release|Any CPU
		{7599913C-295D-473E-B9B3-230F43534A17}.Debug|Any CPU.ActiveCfg = Debug|Any CPU
		{7599913C-295D-473E-B9B3-230F43534A17}.Debug|Any CPU.Build.0 = Debug|Any CPU
		{7599913C-295D-473E-B9B3-230F43534A17}.Release|Any CPU.ActiveCfg = Release|Any CPU
		{7599913C-295D-473E-B9B3-230F43534A17}.Release|Any CPU.Build.0 = Release|Any CPU
		{B50DF9E0-BFD2-49D0-B25E-70E42967301B}.Debug|Any CPU.ActiveCfg = Debug|Any CPU
		{B50DF9E0-BFD2-49D0-B25E-70E42967301B}.Debug|Any CPU.Build.0 = Debug|Any CPU
		{B50DF9E0-BFD2-49D0-B25E-70E42967301B}.Release|Any CPU.ActiveCfg = Release|Any CPU
		{B50DF9E0-BFD2-49D0-B25E-70E42967301B}.Release|Any CPU.Build.0 = Release|Any CPU
		{0F21EE34-C683-4034-9BC3-E479CC69EE64}.Debug|Any CPU.ActiveCfg = Debug|Any CPU
		{0F21EE34-C683-4034-9BC3-E479CC69EE64}.Debug|Any CPU.Build.0 = Debug|Any CPU
		{0F21EE34-C683-4034-9BC3-E479CC69EE64}.Release|Any CPU.ActiveCfg = Release|Any CPU
		{0F21EE34-C683-4034-9BC3-E479CC69EE64}.Release|Any CPU.Build.0 = Release|Any CPU
	EndGlobalSection
	GlobalSection(SolutionProperties) = preSolution
		HideSolutionNode = FALSE
	EndGlobalSection
	GlobalSection(ExtensibilityGlobals) = postSolution
		SolutionGuid = {04E670E5-82BB-42D8-A311-96A10B1E0DE9}
	EndGlobalSection
EndGlobal
